<?xml version="1.0" encoding="utf-8"?>
<Project ToolsVersion="4.0" xmlns="http://schemas.microsoft.com/developer/msbuild/2003">
  <ItemGroup>
    <ClInclude Include="sources\GL\ProdToolGL.h">
      <Filter>Sources\GL</Filter>
    </ClInclude>
    <ClInclude Include="sources\Request\RequestManager.h">
      <Filter>Sources\Request</Filter>
    </ClInclude>
    <ClInclude Include="sources\UI\UIManager.h">
      <Filter>Sources\UI</Filter>
    </ClInclude>
    <ClInclude Include="sources\Tools\StringTools.h">
      <Filter>Sources\Tools</Filter>
    </ClInclude>
    <ClInclude Include="sources\Tools\Thread\Thread.h">
      <Filter>Sources\Tools\Thread</Filter>
    </ClInclude>
    <ClInclude Include="sources\Tools\Types.h">
      <Filter>Sources\Tools</Filter>
    </ClInclude>
    <ClInclude Include="sources\GL\imgui_impl_glfw_gl2.h">
      <Filter>Sources\GL\imgui_impl_glfw</Filter>
    </ClInclude>
    <ClInclude Include="sources\GL\imgui_impl_glfw_gl3.h">
      <Filter>Sources\GL\imgui_impl_glfw</Filter>
    </ClInclude>
    <ClInclude Include="extern\opengl\libs\gl3w\GL\gl3w.h">
      <Filter>Sources\GL\gl3w</Filter>
    </ClInclude>
    <ClInclude Include="extern\opengl\libs\gl3w\GL\glcorearb.h">
      <Filter>Sources\GL\gl3w</Filter>
    </ClInclude>
    <ClInclude Include="extern\ImGui\imconfig.h">
      <Filter>Sources\extern\ImGui</Filter>
    </ClInclude>
    <ClInclude Include="extern\ImGui\imgui.h">
      <Filter>Sources\extern\ImGui</Filter>
    </ClInclude>
    <ClInclude Include="extern\ImGui\imgui_internal.h">
      <Filter>Sources\extern\ImGui</Filter>
    </ClInclude>
    <ClInclude Include="extern\jsoncpp\autolink.h">
      <Filter>Sources\extern\JsonCpp</Filter>
    </ClInclude>
    <ClInclude Include="extern\jsoncpp\features.h">
      <Filter>Sources\extern\JsonCpp</Filter>
    </ClInclude>
    <ClInclude Include="extern\jsoncpp\forwards.h">
      <Filter>Sources\extern\JsonCpp</Filter>
    </ClInclude>
    <ClInclude Include="extern\jsoncpp\json.h">
      <Filter>Sources\extern\JsonCpp</Filter>
    </ClInclude>
    <ClInclude Include="extern\jsoncpp\json_batchallocator.h">
      <Filter>Sources\extern\JsonCpp</Filter>
    </ClInclude>
    <ClInclude Include="extern\jsoncpp\jsonconfig.h">
      <Filter>Sources\extern\JsonCpp</Filter>
    </ClInclude>
    <ClInclude Include="extern\jsoncpp\reader.h">
      <Filter>Sources\extern\JsonCpp</Filter>
    </ClInclude>
    <ClInclude Include="extern\jsoncpp\value.h">
      <Filter>Sources\extern\JsonCpp</Filter>
    </ClInclude>
    <ClInclude Include="extern\jsoncpp\writer.h">
      <Filter>Sources\extern\JsonCpp</Filter>
    </ClInclude>
    <ClInclude Include="extern\moodycamel\blockingconcurrentqueue.h">
      <Filter>Sources\extern\moodycamel</Filter>
    </ClInclude>
    <ClInclude Include="extern\moodycamel\concurrentqueue.h">
      <Filter>Sources\extern\moodycamel</Filter>
    </ClInclude>
    <ClInclude Include="extern\libcurl\include\curl\curl.h">
      <Filter>Sources\extern\Curl</Filter>
    </ClInclude>
    <ClInclude Include="extern\libcurl\include\curl\curlbuild.h">
      <Filter>Sources\extern\Curl</Filter>
    </ClInclude>
    <ClInclude Include="extern\libcurl\include\curl\curlrules.h">
      <Filter>Sources\extern\Curl</Filter>
    </ClInclude>
    <ClInclude Include="extern\libcurl\include\curl\curlver.h">
      <Filter>Sources\extern\Curl</Filter>
    </ClInclude>
    <ClInclude Include="extern\libcurl\include\curl\easy.h">
      <Filter>Sources\extern\Curl</Filter>
    </ClInclude>
    <ClInclude Include="extern\libcurl\include\curl\mprintf.h">
      <Filter>Sources\extern\Curl</Filter>
    </ClInclude>
    <ClInclude Include="extern\libcurl\include\curl\multi.h">
      <Filter>Sources\extern\Curl</Filter>
    </ClInclude>
    <ClInclude Include="extern\libcurl\include\curl\stdcheaders.h">
      <Filter>Sources\extern\Curl</Filter>
    </ClInclude>
    <ClInclude Include="extern\libcurl\include\curl\system.h">
      <Filter>Sources\extern\Curl</Filter>
    </ClInclude>
    <ClInclude Include="extern\libcurl\include\curl\typecheck-gcc.h">
      <Filter>Sources\extern\Curl</Filter>
    </ClInclude>
    <ClInclude Include="extern\imstr\Str.h">
      <Filter>Sources\extern\imstr</Filter>
    </ClInclude>
    <ClInclude Include="extern\sqlite\include\sqlite3.h">
      <Filter>Sources\extern\sqlite</Filter>
    </ClInclude>
    <ClInclude Include="sources\Database\SQLDatabase.h">
      <Filter>Sources\Database</Filter>
    </ClInclude>
    <ClInclude Include="sources\Online\HTTPDownloader.h">
      <Filter>Sources\Online</Filter>
    </ClInclude>
    <ClInclude Include="sources\Online\LeSiteImmoOnlineDatabase.h">
      <Filter>Sources\Online</Filter>
    </ClInclude>
    <ClInclude Include="sources\Online\OnlineDatabase.h">
      <Filter>Sources\Online</Filter>
    </ClInclude>
    <ClInclude Include="sources\Online\SeLogerOnlineDatabase.h">
      <Filter>Sources\Online</Filter>
    </ClInclude>
    <ClInclude Include="sources\Online\OnlineManager.h">
      <Filter>Sources\Online</Filter>
    </ClInclude>
    <ClInclude Include="sources\Database\DatabaseManager.h">
      <Filter>Sources\Database</Filter>
    </ClInclude>
    <ClInclude Include="sources\UI\CitySelector.h">
      <Filter>Sources\UI</Filter>
    </ClInclude>
    <ClInclude Include="sources\Request\SearchRequest\SearchRequest.h">
      <Filter>Sources\Request\SearchRequest</Filter>
    </ClInclude>
    <ClInclude Include="sources\Request\SearchRequest\SearchRequestAnnounce.h">
      <Filter>Sources\Request\SearchRequest</Filter>
    </ClInclude>
    <ClInclude Include="sources\Request\SearchRequest\SearchRequestCityBoroughData.h">
      <Filter>Sources\Request\SearchRequest</Filter>
    </ClInclude>
    <ClInclude Include="sources\Request\SearchRequest\SearchRequestCityBoroughs.h">
      <Filter>Sources\Request\SearchRequest</Filter>
    </ClInclude>
    <ClInclude Include="sources\Request\SearchRequest\SearchRequestCityData.h">
      <Filter>Sources\Request\SearchRequest</Filter>
    </ClInclude>
    <ClInclude Include="sources\Request\SearchRequest\SearchRequestResulCityBorough.h">
      <Filter>Sources\Request\SearchRequest</Filter>
    </ClInclude>
    <ClInclude Include="sources\Request\SearchRequest\SearchRequestResulCityBoroughData.h">
      <Filter>Sources\Request\SearchRequest</Filter>
    </ClInclude>
    <ClInclude Include="sources\Request\SearchRequest\SearchRequestResult.h">
      <Filter>Sources\Request\SearchRequest</Filter>
    </ClInclude>
    <ClInclude Include="sources\Request\SearchRequest\SearchRequestResultAnnounce.h">
      <Filter>Sources\Request\SearchRequest</Filter>
    </ClInclude>
    <ClInclude Include="sources\Request\EditableRequest\EditableRequest.h">
      <Filter>Sources\Request\EditableRequest</Filter>
    </ClInclude>
    <ClInclude Include="sources\Request\EditableRequest\EditableRequestAnnounce.h">
      <Filter>Sources\Request\EditableRequest</Filter>
    </ClInclude>
    <ClInclude Include="sources\Database\BoroughData.h">
      <Filter>Sources\Database</Filter>
    </ClInclude>
    <ClInclude Include="sources\Database\CityComputeData.h">
      <Filter>Sources\Database</Filter>
    </ClInclude>
    <ClInclude Include="sources\Tools\Tools.h">
      <Filter>Sources\Tools</Filter>
    </ClInclude>
  </ItemGroup>
  <ItemGroup>
    <ClCompile Include="sources\ProdTool.cpp">
      <Filter>Sources</Filter>
    </ClCompile>
    <ClCompile Include="sources\GL\ProdToolGL.cpp">
      <Filter>Sources\GL</Filter>
    </ClCompile>
    <ClCompile Include="sources\Request\RequestManager.cpp">
      <Filter>Sources\Request</Filter>
    </ClCompile>
    <ClCompile Include="sources\UI\UIManager.cpp">
      <Filter>Sources\UI</Filter>
    </ClCompile>
    <ClCompile Include="sources\Tools\StringTools.cpp">
      <Filter>Sources\Tools</Filter>
    </ClCompile>
    <ClCompile Include="sources\Tools\Thread\Thread.cpp">
      <Filter>Sources\Tools\Thread</Filter>
    </ClCompile>
    <ClCompile Include="sources\GL\imgui_impl_glfw_gl2.cpp">
      <Filter>Sources\GL\imgui_impl_glfw</Filter>
    </ClCompile>
    <ClCompile Include="sources\GL\imgui_impl_glfw_gl3.cpp">
      <Filter>Sources\GL\imgui_impl_glfw</Filter>
    </ClCompile>
    <ClCompile Include="extern\opengl\libs\gl3w\GL\gl3w.c">
      <Filter>Sources\GL\gl3w</Filter>
    </ClCompile>
    <ClCompile Include="extern\jsoncpp\json_reader.cpp">
      <Filter>Sources\extern\JsonCpp</Filter>
    </ClCompile>
    <ClCompile Include="extern\jsoncpp\json_value.cpp">
      <Filter>Sources\extern\JsonCpp</Filter>
    </ClCompile>
    <ClCompile Include="extern\jsoncpp\json_writer.cpp">
      <Filter>Sources\extern\JsonCpp</Filter>
    </ClCompile>
    <ClCompile Include="extern\ImGui\imgui.cpp">
      <Filter>Sources\extern\ImGui</Filter>
    </ClCompile>
    <ClCompile Include="extern\ImGui\imgui_demo.cpp">
      <Filter>Sources\extern\ImGui</Filter>
    </ClCompile>
    <ClCompile Include="extern\ImGui\imgui_draw.cpp">
      <Filter>Sources\extern\ImGui</Filter>
    </ClCompile>
    <ClCompile Include="extern\imstr\Str.cpp">
      <Filter>Sources\extern\imstr</Filter>
    </ClCompile>
    <ClCompile Include="sources\Database\SQLDatabase.cpp">
      <Filter>Sources\Database</Filter>
    </ClCompile>
    <ClCompile Include="sources\Online\HTTPDownloader.cpp">
      <Filter>Sources\Online</Filter>
    </ClCompile>
    <ClCompile Include="sources\Online\LeSiteImmoOnlineDatabase.cpp">
      <Filter>Sources\Online</Filter>
    </ClCompile>
    <ClCompile Include="sources\Online\SeLogerOnlineDatabase.cpp">
      <Filter>Sources\Online</Filter>
    </ClCompile>
    <ClCompile Include="sources\Online\OnlineManager.cpp">
      <Filter>Sources\Online</Filter>
    </ClCompile>
    <ClCompile Include="sources\Database\DatabaseManager.cpp">
      <Filter>Sources\Database</Filter>
    </ClCompile>
    <ClCompile Include="sources\UI\CitySelector.cpp">
      <Filter>Sources\UI</Filter>
    </ClCompile>
    <ClCompile Include="sources\Request\SearchRequest\SearchRequest.cpp">
      <Filter>Sources\Request\SearchRequest</Filter>
    </ClCompile>
    <ClCompile Include="sources\Request\SearchRequest\SearchRequestAnnounce.cpp">
      <Filter>Sources\Request\SearchRequest</Filter>
    </ClCompile>
    <ClCompile Include="sources\Request\SearchRequest\SearchRequestCityBoroughData.cpp">
      <Filter>Sources\Request\SearchRequest</Filter>
    </ClCompile>
    <ClCompile Include="sources\Request\SearchRequest\SearchRequestCityBoroughs.cpp">
      <Filter>Sources\Request\SearchRequest</Filter>
    </ClCompile>
    <ClCompile Include="sources\Request\SearchRequest\SearchRequestCityData.cpp">
      <Filter>Sources\Request\SearchRequest</Filter>
    </ClCompile>
    <ClCompile Include="sources\Request\SearchRequest\SearchRequestResultAnnounce.cpp">
      <Filter>Sources\Request\SearchRequest</Filter>
    </ClCompile>
    <ClCompile Include="sources\Request\EditableRequest\EditableRequestAnnounce.cpp">
      <Filter>Sources\Request\EditableRequest</Filter>
    </ClCompile>
    <ClCompile Include="sources\Database\BoroughData.cpp">
      <Filter>Sources\Database</Filter>
    </ClCompile>
    <ClCompile Include="sources\Database\CityComputeData.cpp">
      <Filter>Sources\Database</Filter>
    </ClCompile>
    <ClCompile Include="sources\Tools\Tools.cpp">
      <Filter>Sources\Tools</Filter>
    </ClCompile>
    <ClCompile Include="sources\Tools\Types.cpp">
      <Filter>Sources\Tools</Filter>
    </ClCompile>
  </ItemGroup>
  <ItemGroup>
    <Filter Include="Sources">
      <UniqueIdentifier>{cd01e092-088e-4f99-8777-e1083c42501f}</UniqueIdentifier>
    </Filter>
    <Filter Include="Sources\Database">
      <UniqueIdentifier>{bde120d4-d46c-4b4b-a021-05b817bec04f}</UniqueIdentifier>
    </Filter>
    <Filter Include="Sources\UI">
      <UniqueIdentifier>{49f0cf11-13fb-4740-8862-2480e55c6bb2}</UniqueIdentifier>
    </Filter>
    <Filter Include="Sources\GL">
      <UniqueIdentifier>{1cfdb2b2-fcf0-4613-a806-786b99351119}</UniqueIdentifier>
    </Filter>
    <Filter Include="Sources\GL\imgui_impl_glfw">
      <UniqueIdentifier>{76f4b10d-ef1c-4dd6-8870-8b880dcd7bd6}</UniqueIdentifier>
    </Filter>
    <Filter Include="Sources\GL\gl3w">
      <UniqueIdentifier>{7fcf34fe-f524-45c3-8657-fddecbddc5c6}</UniqueIdentifier>
    </Filter>
    <Filter Include="Sources\Request">
      <UniqueIdentifier>{e5de6e67-e894-4b85-b60f-161bace31759}</UniqueIdentifier>
    </Filter>
    <Filter Include="Sources\Tools">
      <UniqueIdentifier>{13eb0180-cb16-4048-85b1-d2e16253211a}</UniqueIdentifier>
    </Filter>
    <Filter Include="Sources\Tools\Thread">
      <UniqueIdentifier>{6e55f381-94d7-4fe2-8e0a-0baeb93bc5fe}</UniqueIdentifier>
    </Filter>
    <Filter Include="Sources\extern">
      <UniqueIdentifier>{626c1fd2-71cf-47c4-8e4d-b844d56cd3eb}</UniqueIdentifier>
    </Filter>
    <Filter Include="Sources\extern\ImGui">
      <UniqueIdentifier>{8c5c5a53-670d-4af2-8b82-b791303444f0}</UniqueIdentifier>
    </Filter>
    <Filter Include="Sources\extern\JsonCpp">
      <UniqueIdentifier>{0e014d0a-40be-465b-85a0-270d403e8993}</UniqueIdentifier>
    </Filter>
    <Filter Include="Sources\extern\moodycamel">
      <UniqueIdentifier>{1c9ad96b-eac8-4a66-a99a-288b645d7d71}</UniqueIdentifier>
    </Filter>
    <Filter Include="Sources\extern\Curl">
      <UniqueIdentifier>{7a58d86a-676d-4f98-af2b-d7bf56526148}</UniqueIdentifier>
    </Filter>
    <Filter Include="Sources\extern\sqlite">
      <UniqueIdentifier>{d04599ac-c3cc-4eee-9b9c-96fb9b34ae08}</UniqueIdentifier>
    </Filter>
    <Filter Include="Sources\extern\imstr">
      <UniqueIdentifier>{769f7542-3e1a-46ff-ab95-67f5b60fc6cd}</UniqueIdentifier>
    </Filter>
    <Filter Include="Sources\Online">
      <UniqueIdentifier>{7f10a3e2-1333-4b27-842f-d3a8e2d616be}</UniqueIdentifier>
    </Filter>
    <Filter Include="Sources\Request\SearchRequest">
      <UniqueIdentifier>{f4185243-40be-4eaf-a2ad-1bbfea2966a3}</UniqueIdentifier>
    </Filter>
    <Filter Include="Sources\Request\EditableRequest">
      <UniqueIdentifier>{18a145de-3cf3-47eb-a490-2da6c133b9e0}</UniqueIdentifier>
    </Filter>
  </ItemGroup>
  <ItemGroup>
    <None Include="extern\jsoncpp\json_internalarray.inl">
      <Filter>Sources\extern\JsonCpp</Filter>
    </None>
    <None Include="extern\jsoncpp\json_internalmap.inl">
      <Filter>Sources\extern\JsonCpp</Filter>
    </None>
    <None Include="extern\jsoncpp\json_valueiterator.inl">
      <Filter>Sources\extern\JsonCpp</Filter>
    </None>
  </ItemGroup>
</Project>