<?xml version="1.0" encoding="utf-8"?>
<Project ToolsVersion="4.0" xmlns="http://schemas.microsoft.com/developer/msbuild/2003">
  <ItemGroup>
    <ClInclude Include="sources\GL\ProdToolGL.h">
      <Filter>Sources\GL</Filter>
    </ClInclude>
    <ClInclude Include="sources\Request\RequestManager.h">
      <Filter>Sources\Request</Filter>
    </ClInclude>
    <ClInclude Include="sources\UI\UIManager.h">
      <Filter>Sources\UI</Filter>
    </ClInclude>
    <ClInclude Include="sources\Tools\StringTools.h">
      <Filter>Sources\Tools</Filter>
    </ClInclude>
    <ClInclude Include="sources\Tools\Thread\Thread.h">
      <Filter>Sources\Tools\Thread</Filter>
    </ClInclude>
    <ClInclude Include="sources\Tools\Types.h">
      <Filter>Sources\Tools</Filter>
    </ClInclude>
    <ClInclude Include="sources\GL\imgui_impl_glfw_gl2.h">
      <Filter>Sources\GL\imgui_impl_glfw</Filter>
    </ClInclude>
    <ClInclude Include="sources\GL\imgui_impl_glfw_gl3.h">
      <Filter>Sources\GL\imgui_impl_glfw</Filter>
    </ClInclude>
    <ClInclude Include="extern\opengl\libs\gl3w\GL\gl3w.h">
      <Filter>Sources\GL\gl3w</Filter>
    </ClInclude>
    <ClInclude Include="extern\opengl\libs\gl3w\GL\glcorearb.h">
      <Filter>Sources\GL\gl3w</Filter>
    </ClInclude>
    <ClInclude Include="extern\ImGui\imconfig.h">
      <Filter>Sources\extern\ImGui</Filter>
    </ClInclude>
    <ClInclude Include="extern\ImGui\imgui.h">
      <Filter>Sources\extern\ImGui</Filter>
    </ClInclude>
    <ClInclude Include="extern\ImGui\imgui_internal.h">
      <Filter>Sources\extern\ImGui</Filter>
    </ClInclude>
    <ClInclude Include="extern\jsoncpp\autolink.h">
      <Filter>Sources\extern\JsonCpp</Filter>
    </ClInclude>
    <ClInclude Include="extern\jsoncpp\features.h">
      <Filter>Sources\extern\JsonCpp</Filter>
    </ClInclude>
    <ClInclude Include="extern\jsoncpp\forwards.h">
      <Filter>Sources\extern\JsonCpp</Filter>
    </ClInclude>
    <ClInclude Include="extern\jsoncpp\json.h">
      <Filter>Sources\extern\JsonCpp</Filter>
    </ClInclude>
    <ClInclude Include="extern\jsoncpp\json_batchallocator.h">
      <Filter>Sources\extern\JsonCpp</Filter>
    </ClInclude>
    <ClInclude Include="extern\jsoncpp\jsonconfig.h">
      <Filter>Sources\extern\JsonCpp</Filter>
    </ClInclude>
    <ClInclude Include="extern\jsoncpp\reader.h">
      <Filter>Sources\extern\JsonCpp</Filter>
    </ClInclude>
    <ClInclude Include="extern\jsoncpp\value.h">
      <Filter>Sources\extern\JsonCpp</Filter>
    </ClInclude>
    <ClInclude Include="extern\jsoncpp\writer.h">
      <Filter>Sources\extern\JsonCpp</Filter>
    </ClInclude>
    <ClInclude Include="extern\moodycamel\blockingconcurrentqueue.h">
      <Filter>Sources\extern\moodycamel</Filter>
    </ClInclude>
    <ClInclude Include="extern\moodycamel\concurrentqueue.h">
      <Filter>Sources\extern\moodycamel</Filter>
    </ClInclude>
    <ClInclude Include="extern\libcurl\include\curl\curl.h">
      <Filter>Sources\extern\Curl</Filter>
    </ClInclude>
    <ClInclude Include="extern\libcurl\include\curl\curlbuild.h">
      <Filter>Sources\extern\Curl</Filter>
    </ClInclude>
    <ClInclude Include="extern\libcurl\include\curl\curlrules.h">
      <Filter>Sources\extern\Curl</Filter>
    </ClInclude>
    <ClInclude Include="extern\libcurl\include\curl\curlver.h">
      <Filter>Sources\extern\Curl</Filter>
    </ClInclude>
    <ClInclude Include="extern\libcurl\include\curl\easy.h">
      <Filter>Sources\extern\Curl</Filter>
    </ClInclude>
    <ClInclude Include="extern\libcurl\include\curl\mprintf.h">
      <Filter>Sources\extern\Curl</Filter>
    </ClInclude>
    <ClInclude Include="extern\libcurl\include\curl\multi.h">
      <Filter>Sources\extern\Curl</Filter>
    </ClInclude>
    <ClInclude Include="extern\libcurl\include\curl\stdcheaders.h">
      <Filter>Sources\extern\Curl</Filter>
    </ClInclude>
    <ClInclude Include="extern\libcurl\include\curl\system.h">
      <Filter>Sources\extern\Curl</Filter>
    </ClInclude>
    <ClInclude Include="extern\libcurl\include\curl\typecheck-gcc.h">
      <Filter>Sources\extern\Curl</Filter>
    </ClInclude>
    <ClInclude Include="extern\imstr\Str.h">
      <Filter>Sources\extern\imstr</Filter>
    </ClInclude>
    <ClInclude Include="extern\sqlite\include\sqlite3.h">
      <Filter>Sources\extern\sqlite</Filter>
    </ClInclude>
    <ClInclude Include="sources\Database\SQLDatabase.h">
      <Filter>Sources\Database</Filter>
    </ClInclude>
    <ClInclude Include="sources\Online\HTTPDownloader.h">
      <Filter>Sources\Online</Filter>
    </ClInclude>
    <ClInclude Include="sources\Online\LeSiteImmoOnlineDatabase.h">
      <Filter>Sources\Online</Filter>
    </ClInclude>
    <ClInclude Include="sources\Online\OnlineDatabase.h">
      <Filter>Sources\Online</Filter>
    </ClInclude>
    <ClInclude Include="sources\Online\SeLogerOnlineDatabase.h">
      <Filter>Sources\Online</Filter>
    </ClInclude>
    <ClInclude Include="sources\Online\OnlineManager.h">
      <Filter>Sources\Online</Filter>
    </ClInclude>
    <ClInclude Include="sources\Database\DatabaseManager.h">
      <Filter>Sources\Database</Filter>
    </ClInclude>
    <ClInclude Include="sources\UI\CitySelector.h">
      <Filter>Sources\UI</Filter>
    </ClInclude>
    <ClInclude Include="sources\Request\SearchRequest\SearchRequest.h">
      <Filter>Sources\Request\SearchRequest</Filter>
    </ClInclude>
    <ClInclude Include="sources\Request\SearchRequest\SearchRequestAnnounce.h">
      <Filter>Sources\Request\SearchRequest</Filter>
    </ClInclude>
    <ClInclude Include="sources\Request\SearchRequest\SearchRequestCityBoroughData.h">
      <Filter>Sources\Request\SearchRequest</Filter>
    </ClInclude>
    <ClInclude Include="sources\Request\SearchRequest\SearchRequestCityBoroughs.h">
      <Filter>Sources\Request\SearchRequest</Filter>
    </ClInclude>
    <ClInclude Include="sources\Request\SearchRequest\SearchRequestCityData.h">
      <Filter>Sources\Request\SearchRequest</Filter>
    </ClInclude>
    <ClInclude Include="sources\Request\SearchRequest\SearchRequestResulCityBorough.h">
      <Filter>Sources\Request\SearchRequest</Filter>
    </ClInclude>
    <ClInclude Include="sources\Request\SearchRequest\SearchRequestResulCityBoroughData.h">
      <Filter>Sources\Request\SearchRequest</Filter>
    </ClInclude>
    <ClInclude Include="sources\Request\SearchRequest\SearchRequestResult.h">
      <Filter>Sources\Request\SearchRequest</Filter>
    </ClInclude>
    <ClInclude Include="sources\Request\SearchRequest\SearchRequestResultAnnounce.h">
      <Filter>Sources\Request\SearchRequest</Filter>
    </ClInclude>
    <ClInclude Include="sources\Request\EditableRequest\EditableRequest.h">
      <Filter>Sources\Request\EditableRequest</Filter>
    </ClInclude>
    <ClInclude Include="sources\Request\EditableRequest\EditableRequestAnnounce.h">
      <Filter>Sources\Request\EditableRequest</Filter>
    </ClInclude>
    <ClInclude Include="sources\Database\BoroughData.h">
      <Filter>Sources\Database</Filter>
    </ClInclude>
    <ClInclude Include="sources\Database\CityComputeData.h">
      <Filter>Sources\Database</Filter>
    </ClInclude>
    <ClInclude Include="sources\Tools\Tools.h">
      <Filter>Sources\Tools</Filter>
    </ClInclude>
    <ClInclude Include="extern\mariadb\include\jdbc\mysql_connection.h">
      <Filter>Sources\extern\MariaDB\jdbc</Filter>
    </ClInclude>
    <ClInclude Include="extern\mariadb\include\jdbc\mysql_driver.h">
      <Filter>Sources\extern\MariaDB\jdbc</Filter>
    </ClInclude>
    <ClInclude Include="extern\mariadb\include\jdbc\mysql_error.h">
      <Filter>Sources\extern\MariaDB\jdbc</Filter>
    </ClInclude>
    <ClInclude Include="extern\mariadb\include\jdbc\cppconn\build_config.h">
      <Filter>Sources\extern\MariaDB\jdbc\cppconn</Filter>
    </ClInclude>
    <ClInclude Include="extern\mariadb\include\jdbc\cppconn\config.h">
      <Filter>Sources\extern\MariaDB\jdbc\cppconn</Filter>
    </ClInclude>
    <ClInclude Include="extern\mariadb\include\jdbc\cppconn\connection.h">
      <Filter>Sources\extern\MariaDB\jdbc\cppconn</Filter>
    </ClInclude>
    <ClInclude Include="extern\mariadb\include\jdbc\cppconn\datatype.h">
      <Filter>Sources\extern\MariaDB\jdbc\cppconn</Filter>
    </ClInclude>
    <ClInclude Include="extern\mariadb\include\jdbc\cppconn\driver.h">
      <Filter>Sources\extern\MariaDB\jdbc\cppconn</Filter>
    </ClInclude>
    <ClInclude Include="extern\mariadb\include\jdbc\cppconn\exception.h">
      <Filter>Sources\extern\MariaDB\jdbc\cppconn</Filter>
    </ClInclude>
    <ClInclude Include="extern\mariadb\include\jdbc\cppconn\metadata.h">
      <Filter>Sources\extern\MariaDB\jdbc\cppconn</Filter>
    </ClInclude>
    <ClInclude Include="extern\mariadb\include\jdbc\cppconn\parameter_metadata.h">
      <Filter>Sources\extern\MariaDB\jdbc\cppconn</Filter>
    </ClInclude>
    <ClInclude Include="extern\mariadb\include\jdbc\cppconn\prepared_statement.h">
      <Filter>Sources\extern\MariaDB\jdbc\cppconn</Filter>
    </ClInclude>
    <ClInclude Include="extern\mariadb\include\jdbc\cppconn\resultset.h">
      <Filter>Sources\extern\MariaDB\jdbc\cppconn</Filter>
    </ClInclude>
    <ClInclude Include="extern\mariadb\include\jdbc\cppconn\resultset_metadata.h">
      <Filter>Sources\extern\MariaDB\jdbc\cppconn</Filter>
    </ClInclude>
    <ClInclude Include="extern\mariadb\include\jdbc\cppconn\sqlstring.h">
      <Filter>Sources\extern\MariaDB\jdbc\cppconn</Filter>
    </ClInclude>
    <ClInclude Include="extern\mariadb\include\jdbc\cppconn\statement.h">
      <Filter>Sources\extern\MariaDB\jdbc\cppconn</Filter>
    </ClInclude>
    <ClInclude Include="extern\mariadb\include\jdbc\cppconn\variant.h">
      <Filter>Sources\extern\MariaDB\jdbc\cppconn</Filter>
    </ClInclude>
    <ClInclude Include="extern\mariadb\include\jdbc\cppconn\version_info.h">
      <Filter>Sources\extern\MariaDB\jdbc\cppconn</Filter>
    </ClInclude>
    <ClInclude Include="extern\mariadb\include\jdbc\cppconn\warning.h">
      <Filter>Sources\extern\MariaDB\jdbc\cppconn</Filter>
    </ClInclude>
    <ClInclude Include="extern\mariadb\include\mysqlx\common.h">
      <Filter>Sources\extern\MariaDB\mysqlx</Filter>
    </ClInclude>
    <ClInclude Include="extern\mariadb\include\mysqlx\common_constants.h">
      <Filter>Sources\extern\MariaDB\mysqlx</Filter>
    </ClInclude>
    <ClInclude Include="extern\mariadb\include\mysqlx\xapi.h">
      <Filter>Sources\extern\MariaDB\mysqlx</Filter>
    </ClInclude>
    <ClInclude Include="extern\mariadb\include\mysqlx\xdevapi.h">
      <Filter>Sources\extern\MariaDB\mysqlx</Filter>
    </ClInclude>
    <ClInclude Include="extern\mariadb\include\mysqlx\common\api.h">
      <Filter>Sources\extern\MariaDB\mysqlx\common</Filter>
    </ClInclude>
    <ClInclude Include="extern\mariadb\include\mysqlx\common\error.h">
      <Filter>Sources\extern\MariaDB\mysqlx\common</Filter>
    </ClInclude>
    <ClInclude Include="extern\mariadb\include\mysqlx\common\op_if.h">
      <Filter>Sources\extern\MariaDB\mysqlx\common</Filter>
    </ClInclude>
    <ClInclude Include="extern\mariadb\include\mysqlx\common\settings.h">
      <Filter>Sources\extern\MariaDB\mysqlx\common</Filter>
    </ClInclude>
    <ClInclude Include="extern\mariadb\include\mysqlx\common\util.h">
      <Filter>Sources\extern\MariaDB\mysqlx\common</Filter>
    </ClInclude>
    <ClInclude Include="extern\mariadb\include\mysqlx\common\value.h">
      <Filter>Sources\extern\MariaDB\mysqlx\common</Filter>
    </ClInclude>
    <ClInclude Include="extern\mariadb\include\mysqlx\devapi\collations.h">
      <Filter>Sources\extern\MariaDB\mysqlx\devapi</Filter>
    </ClInclude>
    <ClInclude Include="extern\mariadb\include\mysqlx\devapi\collection_crud.h">
      <Filter>Sources\extern\MariaDB\mysqlx\devapi</Filter>
    </ClInclude>
    <ClInclude Include="extern\mariadb\include\mysqlx\devapi\common.h">
      <Filter>Sources\extern\MariaDB\mysqlx\devapi</Filter>
    </ClInclude>
    <ClInclude Include="extern\mariadb\include\mysqlx\devapi\crud.h">
      <Filter>Sources\extern\MariaDB\mysqlx\devapi</Filter>
    </ClInclude>
    <ClInclude Include="extern\mariadb\include\mysqlx\devapi\document.h">
      <Filter>Sources\extern\MariaDB\mysqlx\devapi</Filter>
    </ClInclude>
    <ClInclude Include="extern\mariadb\include\mysqlx\devapi\error.h">
      <Filter>Sources\extern\MariaDB\mysqlx\devapi</Filter>
    </ClInclude>
    <ClInclude Include="extern\mariadb\include\mysqlx\devapi\executable.h">
      <Filter>Sources\extern\MariaDB\mysqlx\devapi</Filter>
    </ClInclude>
    <ClInclude Include="extern\mariadb\include\mysqlx\devapi\mysql_charsets.h">
      <Filter>Sources\extern\MariaDB\mysqlx\devapi</Filter>
    </ClInclude>
    <ClInclude Include="extern\mariadb\include\mysqlx\devapi\mysql_collations.h">
      <Filter>Sources\extern\MariaDB\mysqlx\devapi</Filter>
    </ClInclude>
    <ClInclude Include="extern\mariadb\include\mysqlx\devapi\result.h">
      <Filter>Sources\extern\MariaDB\mysqlx\devapi</Filter>
    </ClInclude>
    <ClInclude Include="extern\mariadb\include\mysqlx\devapi\row.h">
      <Filter>Sources\extern\MariaDB\mysqlx\devapi</Filter>
    </ClInclude>
    <ClInclude Include="extern\mariadb\include\mysqlx\devapi\settings.h">
      <Filter>Sources\extern\MariaDB\mysqlx\devapi</Filter>
    </ClInclude>
    <ClInclude Include="extern\mariadb\include\mysqlx\devapi\table_crud.h">
      <Filter>Sources\extern\MariaDB\mysqlx\devapi</Filter>
    </ClInclude>
    <ClInclude Include="extern\mariadb\include\mysqlx\devapi\detail\crud.h">
      <Filter>Sources\extern\MariaDB\mysqlx\devapi\detail</Filter>
    </ClInclude>
    <ClInclude Include="extern\mariadb\include\mysqlx\devapi\detail\error.h">
      <Filter>Sources\extern\MariaDB\mysqlx\devapi\detail</Filter>
    </ClInclude>
    <ClInclude Include="extern\mariadb\include\mysqlx\devapi\detail\result.h">
      <Filter>Sources\extern\MariaDB\mysqlx\devapi\detail</Filter>
    </ClInclude>
    <ClInclude Include="extern\mariadb\include\mysqlx\devapi\detail\row.h">
      <Filter>Sources\extern\MariaDB\mysqlx\devapi\detail</Filter>
    </ClInclude>
    <ClInclude Include="extern\mariadb\include\mysqlx\devapi\detail\session.h">
      <Filter>Sources\extern\MariaDB\mysqlx\devapi\detail</Filter>
    </ClInclude>
    <ClInclude Include="extern\mariadb\include\mysqlx\devapi\detail\settings.h">
      <Filter>Sources\extern\MariaDB\mysqlx\devapi\detail</Filter>
    </ClInclude>
    <ClInclude Include="sources\Database\MySQLDatabase.h">
      <Filter>Sources\Database</Filter>
    </ClInclude>
    <ClInclude Include="sources\Text\TextManager.h">
      <Filter>Sources\Text</Filter>
    </ClInclude>
    <ClInclude Include="sources\Tools\SearchFile.h">
      <Filter>Sources\Tools</Filter>
    </ClInclude>
    <ClInclude Include="sources\Database\CityUpdateData.h">
      <Filter>Sources\Database</Filter>
    </ClInclude>
    <ClInclude Include="extern\stb\stb_image.h">
      <Filter>Sources\extern\stb</Filter>
    </ClInclude>
    <ClInclude Include="extern\stb\stb_image_resize.h">
      <Filter>Sources\extern\stb</Filter>
    </ClInclude>
    <ClInclude Include="extern\stb\stb_image_write.h">
      <Filter>Sources\extern\stb</Filter>
    </ClInclude>
    <ClInclude Include="sources\Config\ConfigManager.h">
      <Filter>Sources\Config</Filter>
    </ClInclude>
    <ClInclude Include="extern\libjpeg-turbo\include\jconfig.h">
      <Filter>Sources\extern\libjpeg-turbo</Filter>
    </ClInclude>
    <ClInclude Include="extern\libjpeg-turbo\include\jerror.h">
      <Filter>Sources\extern\libjpeg-turbo</Filter>
    </ClInclude>
    <ClInclude Include="extern\libjpeg-turbo\include\jmorecfg.h">
      <Filter>Sources\extern\libjpeg-turbo</Filter>
    </ClInclude>
    <ClInclude Include="extern\libjpeg-turbo\include\jpeglib.h">
      <Filter>Sources\extern\libjpeg-turbo</Filter>
    </ClInclude>
    <ClInclude Include="extern\libjpeg-turbo\include\turbojpeg.h">
      <Filter>Sources\extern\libjpeg-turbo</Filter>
    </ClInclude>
    <ClInclude Include="sources\Online\LaforetOnlineDatabase.h">
      <Filter>Sources\Online</Filter>
    </ClInclude>
    <ClInclude Include="sources\Online\OrpiOnlineDatabase.h">
      <Filter>Sources\Online</Filter>
    </ClInclude>
    <ClInclude Include="sources\Database\ImageDatabase.h">
      <Filter>Sources\Database</Filter>
    </ClInclude>
    <ClInclude Include="sources\Online\LogicImmoOnlineDatabase.h">
      <Filter>Sources\Online</Filter>
    </ClInclude>
    <ClInclude Include="sources\Online\PapOnlineDatabase.h">
      <Filter>Sources\Online</Filter>
    </ClInclude>
  </ItemGroup>
  <ItemGroup>
    <ClCompile Include="sources\ProdTool.cpp">
      <Filter>Sources</Filter>
    </ClCompile>
    <ClCompile Include="sources\GL\ProdToolGL.cpp">
      <Filter>Sources\GL</Filter>
    </ClCompile>
    <ClCompile Include="sources\Request\RequestManager.cpp">
      <Filter>Sources\Request</Filter>
    </ClCompile>
    <ClCompile Include="sources\UI\UIManager.cpp">
      <Filter>Sources\UI</Filter>
    </ClCompile>
    <ClCompile Include="sources\Tools\StringTools.cpp">
      <Filter>Sources\Tools</Filter>
    </ClCompile>
    <ClCompile Include="sources\Tools\Thread\Thread.cpp">
      <Filter>Sources\Tools\Thread</Filter>
    </ClCompile>
    <ClCompile Include="sources\GL\imgui_impl_glfw_gl2.cpp">
      <Filter>Sources\GL\imgui_impl_glfw</Filter>
    </ClCompile>
    <ClCompile Include="sources\GL\imgui_impl_glfw_gl3.cpp">
      <Filter>Sources\GL\imgui_impl_glfw</Filter>
    </ClCompile>
    <ClCompile Include="extern\opengl\libs\gl3w\GL\gl3w.c">
      <Filter>Sources\GL\gl3w</Filter>
    </ClCompile>
    <ClCompile Include="extern\jsoncpp\json_reader.cpp">
      <Filter>Sources\extern\JsonCpp</Filter>
    </ClCompile>
    <ClCompile Include="extern\jsoncpp\json_value.cpp">
      <Filter>Sources\extern\JsonCpp</Filter>
    </ClCompile>
    <ClCompile Include="extern\jsoncpp\json_writer.cpp">
      <Filter>Sources\extern\JsonCpp</Filter>
    </ClCompile>
    <ClCompile Include="extern\ImGui\imgui.cpp">
      <Filter>Sources\extern\ImGui</Filter>
    </ClCompile>
    <ClCompile Include="extern\ImGui\imgui_demo.cpp">
      <Filter>Sources\extern\ImGui</Filter>
    </ClCompile>
    <ClCompile Include="extern\ImGui\imgui_draw.cpp">
      <Filter>Sources\extern\ImGui</Filter>
    </ClCompile>
    <ClCompile Include="extern\imstr\Str.cpp">
      <Filter>Sources\extern\imstr</Filter>
    </ClCompile>
    <ClCompile Include="sources\Database\SQLDatabase.cpp">
      <Filter>Sources\Database</Filter>
    </ClCompile>
    <ClCompile Include="sources\Online\HTTPDownloader.cpp">
      <Filter>Sources\Online</Filter>
    </ClCompile>
    <ClCompile Include="sources\Online\LeSiteImmoOnlineDatabase.cpp">
      <Filter>Sources\Online</Filter>
    </ClCompile>
    <ClCompile Include="sources\Online\SeLogerOnlineDatabase.cpp">
      <Filter>Sources\Online</Filter>
    </ClCompile>
    <ClCompile Include="sources\Online\OnlineManager.cpp">
      <Filter>Sources\Online</Filter>
    </ClCompile>
    <ClCompile Include="sources\Database\DatabaseManager.cpp">
      <Filter>Sources\Database</Filter>
    </ClCompile>
    <ClCompile Include="sources\UI\CitySelector.cpp">
      <Filter>Sources\UI</Filter>
    </ClCompile>
    <ClCompile Include="sources\Request\SearchRequest\SearchRequest.cpp">
      <Filter>Sources\Request\SearchRequest</Filter>
    </ClCompile>
    <ClCompile Include="sources\Request\SearchRequest\SearchRequestAnnounce.cpp">
      <Filter>Sources\Request\SearchRequest</Filter>
    </ClCompile>
    <ClCompile Include="sources\Request\SearchRequest\SearchRequestCityBoroughData.cpp">
      <Filter>Sources\Request\SearchRequest</Filter>
    </ClCompile>
    <ClCompile Include="sources\Request\SearchRequest\SearchRequestCityBoroughs.cpp">
      <Filter>Sources\Request\SearchRequest</Filter>
    </ClCompile>
    <ClCompile Include="sources\Request\SearchRequest\SearchRequestCityData.cpp">
      <Filter>Sources\Request\SearchRequest</Filter>
    </ClCompile>
    <ClCompile Include="sources\Request\SearchRequest\SearchRequestResultAnnounce.cpp">
      <Filter>Sources\Request\SearchRequest</Filter>
    </ClCompile>
    <ClCompile Include="sources\Request\EditableRequest\EditableRequestAnnounce.cpp">
      <Filter>Sources\Request\EditableRequest</Filter>
    </ClCompile>
    <ClCompile Include="sources\Database\BoroughData.cpp">
      <Filter>Sources\Database</Filter>
    </ClCompile>
    <ClCompile Include="sources\Database\CityComputeData.cpp">
      <Filter>Sources\Database</Filter>
    </ClCompile>
    <ClCompile Include="sources\Tools\Tools.cpp">
      <Filter>Sources\Tools</Filter>
    </ClCompile>
    <ClCompile Include="sources\Tools\Types.cpp">
      <Filter>Sources\Tools</Filter>
    </ClCompile>
    <ClCompile Include="sources\Database\MySQLDatabase.cpp">
      <Filter>Sources\Database</Filter>
    </ClCompile>
    <ClCompile Include="sources\Text\TextManager.cpp">
      <Filter>Sources\Text</Filter>
    </ClCompile>
    <ClCompile Include="sources\Database\CityUpdateData.cpp">
      <Filter>Sources\Database</Filter>
    </ClCompile>
    <ClCompile Include="extern\stb\stb_image_implementation.cpp">
      <Filter>Sources\extern\stb</Filter>
    </ClCompile>
    <ClCompile Include="sources\Config\ConfigManager.cpp">
      <Filter>Sources\Config</Filter>
    </ClCompile>
    <ClCompile Include="sources\Online\OnlineDatabase.cpp">
      <Filter>Sources\Online</Filter>
    </ClCompile>
    <ClCompile Include="sources\Online\LaforetOnlineDatabase.cpp">
      <Filter>Sources\Online</Filter>
    </ClCompile>
    <ClCompile Include="sources\Online\OrpiOnlineDatabase.cpp">
      <Filter>Sources\Online</Filter>
    </ClCompile>
    <ClCompile Include="sources\Database\ImageDatabase.cpp">
      <Filter>Sources\Database</Filter>
    </ClCompile>
    <ClCompile Include="sources\Online\LogicImmoOnlineDatabase.cpp">
      <Filter>Sources\Online</Filter>
    </ClCompile>
    <ClCompile Include="sources\Online\PapOnlineDatabase.cpp">
      <Filter>Sources\Online</Filter>
    </ClCompile>
  </ItemGroup>
  <ItemGroup>
    <Filter Include="Sources">
      <UniqueIdentifier>{cd01e092-088e-4f99-8777-e1083c42501f}</UniqueIdentifier>
    </Filter>
    <Filter Include="Sources\Database">
      <UniqueIdentifier>{bde120d4-d46c-4b4b-a021-05b817bec04f}</UniqueIdentifier>
    </Filter>
    <Filter Include="Sources\UI">
      <UniqueIdentifier>{49f0cf11-13fb-4740-8862-2480e55c6bb2}</UniqueIdentifier>
    </Filter>
    <Filter Include="Sources\GL">
      <UniqueIdentifier>{1cfdb2b2-fcf0-4613-a806-786b99351119}</UniqueIdentifier>
    </Filter>
    <Filter Include="Sources\GL\imgui_impl_glfw">
      <UniqueIdentifier>{76f4b10d-ef1c-4dd6-8870-8b880dcd7bd6}</UniqueIdentifier>
    </Filter>
    <Filter Include="Sources\GL\gl3w">
      <UniqueIdentifier>{7fcf34fe-f524-45c3-8657-fddecbddc5c6}</UniqueIdentifier>
    </Filter>
    <Filter Include="Sources\Request">
      <UniqueIdentifier>{e5de6e67-e894-4b85-b60f-161bace31759}</UniqueIdentifier>
    </Filter>
    <Filter Include="Sources\Tools">
      <UniqueIdentifier>{13eb0180-cb16-4048-85b1-d2e16253211a}</UniqueIdentifier>
    </Filter>
    <Filter Include="Sources\Tools\Thread">
      <UniqueIdentifier>{6e55f381-94d7-4fe2-8e0a-0baeb93bc5fe}</UniqueIdentifier>
    </Filter>
    <Filter Include="Sources\extern">
      <UniqueIdentifier>{626c1fd2-71cf-47c4-8e4d-b844d56cd3eb}</UniqueIdentifier>
    </Filter>
    <Filter Include="Sources\extern\ImGui">
      <UniqueIdentifier>{8c5c5a53-670d-4af2-8b82-b791303444f0}</UniqueIdentifier>
    </Filter>
    <Filter Include="Sources\extern\JsonCpp">
      <UniqueIdentifier>{0e014d0a-40be-465b-85a0-270d403e8993}</UniqueIdentifier>
    </Filter>
    <Filter Include="Sources\extern\moodycamel">
      <UniqueIdentifier>{1c9ad96b-eac8-4a66-a99a-288b645d7d71}</UniqueIdentifier>
    </Filter>
    <Filter Include="Sources\extern\Curl">
      <UniqueIdentifier>{7a58d86a-676d-4f98-af2b-d7bf56526148}</UniqueIdentifier>
    </Filter>
    <Filter Include="Sources\extern\sqlite">
      <UniqueIdentifier>{d04599ac-c3cc-4eee-9b9c-96fb9b34ae08}</UniqueIdentifier>
    </Filter>
    <Filter Include="Sources\extern\imstr">
      <UniqueIdentifier>{769f7542-3e1a-46ff-ab95-67f5b60fc6cd}</UniqueIdentifier>
    </Filter>
    <Filter Include="Sources\Online">
      <UniqueIdentifier>{7f10a3e2-1333-4b27-842f-d3a8e2d616be}</UniqueIdentifier>
    </Filter>
    <Filter Include="Sources\Request\SearchRequest">
      <UniqueIdentifier>{f4185243-40be-4eaf-a2ad-1bbfea2966a3}</UniqueIdentifier>
    </Filter>
    <Filter Include="Sources\Request\EditableRequest">
      <UniqueIdentifier>{18a145de-3cf3-47eb-a490-2da6c133b9e0}</UniqueIdentifier>
    </Filter>
    <Filter Include="Sources\extern\MariaDB">
      <UniqueIdentifier>{9f889ed3-4bb6-40bf-8d28-b8817ac02c4a}</UniqueIdentifier>
    </Filter>
    <Filter Include="Sources\extern\MariaDB\jdbc">
      <UniqueIdentifier>{74964c49-0423-4413-afae-217137ea1495}</UniqueIdentifier>
    </Filter>
    <Filter Include="Sources\extern\MariaDB\mysqlx">
      <UniqueIdentifier>{f35711a7-c2e7-4266-a937-937af22650b3}</UniqueIdentifier>
    </Filter>
    <Filter Include="Sources\extern\MariaDB\jdbc\cppconn">
      <UniqueIdentifier>{b6de1fa7-1fba-4fa0-b5b4-c2e8c40dd39d}</UniqueIdentifier>
    </Filter>
    <Filter Include="Sources\extern\MariaDB\mysqlx\common">
      <UniqueIdentifier>{84138f68-1a74-48db-a7ab-c8c5ea8ea703}</UniqueIdentifier>
    </Filter>
    <Filter Include="Sources\extern\MariaDB\mysqlx\devapi">
      <UniqueIdentifier>{b5185f27-1d8e-4860-b113-deb162e2454d}</UniqueIdentifier>
    </Filter>
    <Filter Include="Sources\extern\MariaDB\mysqlx\devapi\detail">
      <UniqueIdentifier>{95ad0d77-5b8f-45bc-881f-6a7799431d2e}</UniqueIdentifier>
    </Filter>
    <Filter Include="Sources\Text">
      <UniqueIdentifier>{26ecba9d-ce40-4662-afdf-840034b8e6c1}</UniqueIdentifier>
    </Filter>
    <Filter Include="Sources\extern\stb">
      <UniqueIdentifier>{b688550d-91cc-421d-af45-15b9a2931d3f}</UniqueIdentifier>
    </Filter>
    <Filter Include="Sources\Config">
      <UniqueIdentifier>{2cfbdd78-5793-406d-8240-6c57801d4cb3}</UniqueIdentifier>
    </Filter>
    <Filter Include="Sources\extern\libjpeg-turbo">
      <UniqueIdentifier>{1bcce02a-23be-4250-b9d4-45f5ed0da1ed}</UniqueIdentifier>
    </Filter>
  </ItemGroup>
  <ItemGroup>
    <None Include="extern\jsoncpp\json_internalarray.inl">
      <Filter>Sources\extern\JsonCpp</Filter>
    </None>
    <None Include="extern\jsoncpp\json_internalmap.inl">
      <Filter>Sources\extern\JsonCpp</Filter>
    </None>
    <None Include="extern\jsoncpp\json_valueiterator.inl">
      <Filter>Sources\extern\JsonCpp</Filter>
    </None>
  </ItemGroup>
</Project>